Microsoft Visual Studio Solution File, Format Version 12.00
# Visual Studio 2012
Project("{FAE04EC0-301F-11D3-BF4B-00C04F79EFBC}") = "Reality Negitve- Exiled", "Reality Negitve- Exiled.csproj", "{C8A53427-D18E-45EF-9DB1-891E5312DDE6}"
EndProject
Global
	GlobalSection(SolutionConfigurationPlatforms) = preSolution
	Debug|Any CPU = Debug|Any CPU
	ExportDebug|Any CPU = ExportDebug|Any CPU
	ExportRelease|Any CPU = ExportRelease|Any CPU
	EndGlobalSection
	GlobalSection(ProjectConfigurationPlatforms) = postSolution
		{C8A53427-D18E-45EF-9DB1-891E5312DDE6}.Debug|Any CPU.ActiveCfg = Debug|Any CPU
		{C8A53427-D18E-45EF-9DB1-891E5312DDE6}.Debug|Any CPU.Build.0 = Debug|Any CPU
		{C8A53427-D18E-45EF-9DB1-891E5312DDE6}.ExportDebug|Any CPU.ActiveCfg = ExportDebug|Any CPU
		{C8A53427-D18E-45EF-9DB1-891E5312DDE6}.ExportDebug|Any CPU.Build.0 = ExportDebug|Any CPU
		{C8A53427-D18E-45EF-9DB1-891E5312DDE6}.ExportRelease|Any CPU.ActiveCfg = ExportRelease|Any CPU
		{C8A53427-D18E-45EF-9DB1-891E5312DDE6}.ExportRelease|Any CPU.Build.0 = ExportRelease|Any CPU
	EndGlobalSection
EndGlobal
